<?xml version="1.0" encoding="utf-8"?>
<Project ToolsVersion="4.0" xmlns="http://schemas.microsoft.com/developer/msbuild/2003">
  <ItemGroup>
    <Filter Include="Source Files">
      <UniqueIdentifier>{4FC737F1-C7A5-4376-A066-2A32D752A2FF}</UniqueIdentifier>
      <Extensions>cpp;c;cc;cxx;def;odl;idl;hpj;bat;asm;asmx</Extensions>
    </Filter>
    <Filter Include="Source Files\scenes">
      <UniqueIdentifier>{8e1cd3e1-c542-4d70-82eb-6032bd988edd}</UniqueIdentifier>
    </Filter>
    <Filter Include="Source Files\scenes\test_scene">
      <UniqueIdentifier>{0011b69c-48ad-4402-800a-79d33894d1c8}</UniqueIdentifier>
    </Filter>
    <Filter Include="Source Files\scenes\test_scene\components">
      <UniqueIdentifier>{f978182e-1690-4909-bd29-b45063aa4449}</UniqueIdentifier>
    </Filter>
    <Filter Include="Source Files\scenes\test_scene\entities">
      <UniqueIdentifier>{3ab7ceb4-83ab-4a87-87b7-ecbb455bfda7}</UniqueIdentifier>
    </Filter>
    <Filter Include="Source Files\scenes\test_scene\events">
      <UniqueIdentifier>{aa07b8d6-f792-4830-9a5b-12e905489142}</UniqueIdentifier>
    </Filter>
    <Filter Include="Source Files\scenes\test_scene\systems">
      <UniqueIdentifier>{45193d0c-8655-487d-82b0-530e3036593b}</UniqueIdentifier>
    </Filter>
    <Filter Include="Source Files\scenes\test_scene\systems\motor">
      <UniqueIdentifier>{6b89767e-c206-4f35-a31a-019097df178f}</UniqueIdentifier>
    </Filter>
    <Filter Include="Source Files\scenes\test_scene\components\motor">
      <UniqueIdentifier>{36c97c8a-1287-4f52-8ac5-14eddcfe3a82}</UniqueIdentifier>
    </Filter>
  </ItemGroup>
  <ItemGroup>
    <ClCompile Include="src\main.cpp">
      <Filter>Source Files</Filter>
    </ClCompile>
    <ClCompile Include="src\scenes\test_scene\systems\motor\axis_orbit_system.ixx">
      <Filter>Source Files\scenes\test_scene\systems\motor</Filter>
    </ClCompile>
    <ClCompile Include="src\scenes\test_scene\systems\motor\axis_rotation_system.ixx">
      <Filter>Source Files\scenes\test_scene\systems\motor</Filter>
    </ClCompile>
    <ClCompile Include="src\scenes\test_scene\systems\motor\camera_motor_system.ixx">
      <Filter>Source Files\scenes\test_scene\systems\motor</Filter>
    </ClCompile>
    <ClCompile Include="src\scenes\test_scene\systems\motor\mouse_rotation_system.ixx">
      <Filter>Source Files\scenes\test_scene\systems\motor</Filter>
    </ClCompile>
    <ClCompile Include="src\scenes\test_scene\test_scene.ixx">
      <Filter>Source Files\scenes\test_scene</Filter>
    </ClCompile>
    <ClCompile Include="src\scenes\test_scene\entities\player_camera.ixx">
      <Filter>Source Files\scenes\test_scene\entities</Filter>
    </ClCompile>
    <ClCompile Include="src\scenes\test_scene\components\motor\axis_orbit.ixx">
      <Filter>Source Files\scenes\test_scene\components\motor</Filter>
    </ClCompile>
    <ClCompile Include="src\scenes\test_scene\components\motor\axis_rotation.ixx">
      <Filter>Source Files\scenes\test_scene\components\motor</Filter>
    </ClCompile>
    <ClCompile Include="src\scenes\test_scene\components\motor\camera_movement.ixx">
      <Filter>Source Files\scenes\test_scene\components\motor</Filter>
    </ClCompile>
    <ClCompile Include="src\scenes\test_scene\components\motor\mouse_rotation.ixx">
      <Filter>Source Files\scenes\test_scene\components\motor</Filter>
    </ClCompile>
  </ItemGroup>
  <ItemGroup>
    <None Include="packages.config" />
  </ItemGroup>
</Project>