<?xml version="1.0" encoding="utf-8"?>
<Project ToolsVersion="4.0" xmlns="http://schemas.microsoft.com/developer/msbuild/2003">
  <ItemGroup>
    <Filter Include="Source Files">
      <UniqueIdentifier>{4FC737F1-C7A5-4376-A066-2A32D752A2FF}</UniqueIdentifier>
      <Extensions>cpp;c;cc;cxx;def;odl;idl;hpj;bat;asm;asmx</Extensions>
    </Filter>
    <Filter Include="Header Files">
      <UniqueIdentifier>{93995380-89BD-4b04-88EB-625FBE52EBFB}</UniqueIdentifier>
      <Extensions>h;hh;hpp;hxx;hm;inl;inc;xsd</Extensions>
    </Filter>
    <Filter Include="Resource Files">
      <UniqueIdentifier>{67DA6AB6-F800-4c08-8B7A-83BB121AAD01}</UniqueIdentifier>
      <Extensions>rc;ico;cur;bmp;dlg;rc2;rct;bin;rgs;gif;jpg;jpeg;jpe;resx;tiff;tif;png;wav;mfcribbon-ms</Extensions>
    </Filter>
    <Filter Include="Resource Files\Shaders">
      <UniqueIdentifier>{cd0f1874-c186-4bbb-9a3d-1e503a7555b6}</UniqueIdentifier>
    </Filter>
    <Filter Include="Resource Files\Shaders\Color">
      <UniqueIdentifier>{8c3bd23e-85df-4dd4-be02-ba436c40fede}</UniqueIdentifier>
    </Filter>
    <Filter Include="Resource Files\Shaders\Texture">
      <UniqueIdentifier>{76832d29-042d-4957-aafb-2344647e9aa7}</UniqueIdentifier>
    </Filter>
    <Filter Include="Resource Files\Shaders\Light">
      <UniqueIdentifier>{999f1396-2253-4ac5-9dc4-c72477cf8a31}</UniqueIdentifier>
    </Filter>
  </ItemGroup>
  <ItemGroup>
    <None Include="packages.config" />
    <None Include="shaders\color\color.vs">
      <Filter>Resource Files\Shaders\Color</Filter>
    </None>
    <None Include="shaders\color\color.ps">
      <Filter>Resource Files\Shaders\Color</Filter>
    </None>
    <None Include="shaders\light\light.ps">
      <Filter>Resource Files\Shaders\Light</Filter>
    </None>
    <None Include="shaders\light\light.vs">
      <Filter>Resource Files\Shaders\Light</Filter>
    </None>
    <None Include="shaders\texture\texture.ps">
      <Filter>Resource Files\Shaders\Texture</Filter>
    </None>
    <None Include="shaders\texture\texture.vs">
      <Filter>Resource Files\Shaders\Texture</Filter>
    </None>
  </ItemGroup>
  <ItemGroup>
    <ClInclude Include="stdafx.h">
      <Filter>Header Files</Filter>
    </ClInclude>
    <ClInclude Include="targetver.h">
      <Filter>Header Files</Filter>
    </ClInclude>
    <ClInclude Include="camera\Camera.h">
      <Filter>Header Files</Filter>
    </ClInclude>
    <ClInclude Include="direct3d\Direct3D.h">
      <Filter>Header Files</Filter>
    </ClInclude>
    <ClInclude Include="light\Light.h">
      <Filter>Header Files</Filter>
    </ClInclude>
    <ClInclude Include="main\MainWindow.h">
      <Filter>Header Files</Filter>
    </ClInclude>
    <ClInclude Include="model\Model.h">
      <Filter>Header Files</Filter>
    </ClInclude>
    <ClInclude Include="rendering\Renderer.h">
      <Filter>Header Files</Filter>
    </ClInclude>
    <ClInclude Include="scene\Scene.h">
      <Filter>Header Files</Filter>
    </ClInclude>
    <ClInclude Include="shader\Shader.h">
      <Filter>Header Files</Filter>
    </ClInclude>
    <ClInclude Include="system\System.h">
      <Filter>Header Files</Filter>
    </ClInclude>
    <ClInclude Include="text\Text.h">
      <Filter>Header Files</Filter>
    </ClInclude>
    <ClInclude Include="texture\TextureMgr.h">
      <Filter>Header Files</Filter>
    </ClInclude>
    <ClInclude Include="util\EngineUtil.h">
      <Filter>Header Files</Filter>
    </ClInclude>
    <ClInclude Include="util\fps\FPS.h">
      <Filter>Header Files</Filter>
    </ClInclude>
    <ClInclude Include="util\timer\Timer.h">
      <Filter>Header Files</Filter>
    </ClInclude>
    <ClInclude Include="rendering\buffer\ConstantBuffer.h">
      <Filter>Header Files</Filter>
    </ClInclude>
    <ClInclude Include="rendering\RenderingMgr.h">
      <Filter>Header Files</Filter>
    </ClInclude>
    <ClInclude Include="rendering\Sampler.h">
      <Filter>Header Files</Filter>
    </ClInclude>
    <ClInclude Include="rendering\buffer\CBufferMgr.h">
      <Filter>Header Files</Filter>
    </ClInclude>
    <ClInclude Include="shader\HlslDefines.h">
      <Filter>Header Files</Filter>
    </ClInclude>
    <ClInclude Include="rendering\buffer\Buffers.h">
      <Filter>Header Files</Filter>
    </ClInclude>
    <ClInclude Include="shader\ShaderMgr.h">
      <Filter>Header Files</Filter>
    </ClInclude>
    <ClInclude Include="input\Input.h">
      <Filter>Header Files</Filter>
    </ClInclude>
  </ItemGroup>
  <ItemGroup>
    <ClCompile Include="stdafx.cpp">
      <Filter>Source Files</Filter>
    </ClCompile>
    <ClCompile Include="camera\Camera.cpp">
      <Filter>Source Files</Filter>
    </ClCompile>
    <ClCompile Include="direct3d\Direct3D.cpp">
      <Filter>Source Files</Filter>
    </ClCompile>
    <ClCompile Include="light\Light.cpp">
      <Filter>Source Files</Filter>
    </ClCompile>
    <ClCompile Include="main\main.cpp">
      <Filter>Source Files</Filter>
    </ClCompile>
    <ClCompile Include="main\MainWindow.cpp">
      <Filter>Source Files</Filter>
    </ClCompile>
    <ClCompile Include="rendering\Renderer.cpp">
      <Filter>Source Files</Filter>
    </ClCompile>
    <ClCompile Include="scene\Scene.cpp">
      <Filter>Source Files</Filter>
    </ClCompile>
    <ClCompile Include="shader\Shader.cpp">
      <Filter>Source Files</Filter>
    </ClCompile>
    <ClCompile Include="system\System.cpp">
      <Filter>Source Files</Filter>
    </ClCompile>
    <ClCompile Include="text\Text.cpp">
      <Filter>Source Files</Filter>
    </ClCompile>
    <ClCompile Include="texture\TextureMgr.cpp">
      <Filter>Source Files</Filter>
    </ClCompile>
    <ClCompile Include="util\fps\FPS.cpp">
      <Filter>Source Files</Filter>
    </ClCompile>
    <ClCompile Include="util\timer\Timer.cpp">
      <Filter>Source Files</Filter>
    </ClCompile>
    <ClCompile Include="rendering\RenderingMgr.cpp">
      <Filter>Source Files</Filter>
    </ClCompile>
    <ClCompile Include="rendering\buffer\CBufferMgr.cpp">
      <Filter>Source Files</Filter>
    </ClCompile>
    <ClCompile Include="model\Model.cpp">
      <Filter>Source Files</Filter>
    </ClCompile>
    <ClCompile Include="input\Input.cpp">
      <Filter>Source Files</Filter>
    </ClCompile>
  </ItemGroup>
</Project>