<?xml version="1.0" encoding="utf-8"?>
<Project ToolsVersion="4.0" xmlns="http://schemas.microsoft.com/developer/msbuild/2003">
  <ItemGroup>
    <Filter Include="Source Files">
      <UniqueIdentifier>{4FC737F1-C7A5-4376-A066-2A32D752A2FF}</UniqueIdentifier>
      <Extensions>cpp;c;cc;cxx;def;odl;idl;hpj;bat;asm;asmx</Extensions>
    </Filter>
    <Filter Include="Header Files">
      <UniqueIdentifier>{93995380-89BD-4b04-88EB-625FBE52EBFB}</UniqueIdentifier>
      <Extensions>h;hh;hpp;hxx;hm;inl;inc;ipp;xsd</Extensions>
    </Filter>
    <Filter Include="Header Files\datatypes">
      <UniqueIdentifier>{d340d6c5-76f7-49dc-bd21-55919b24d377}</UniqueIdentifier>
    </Filter>
    <Filter Include="Header Files\io">
      <UniqueIdentifier>{105bc6f5-b4c3-443f-832c-61ac3bffdce6}</UniqueIdentifier>
    </Filter>
    <Filter Include="Header Files\memory">
      <UniqueIdentifier>{7d57ef6a-e1c5-4cea-8cfd-8235357412a6}</UniqueIdentifier>
    </Filter>
    <Filter Include="Header Files\string">
      <UniqueIdentifier>{9c468324-5baa-4fca-9fc9-50a57047d98e}</UniqueIdentifier>
    </Filter>
    <Filter Include="Header Files\sysmon">
      <UniqueIdentifier>{f8f725bd-68ce-4b5f-baef-81d64406c2c2}</UniqueIdentifier>
    </Filter>
    <Filter Include="Header Files\directx">
      <UniqueIdentifier>{286f5b4c-c30d-499e-bb63-27dcb519d439}</UniqueIdentifier>
    </Filter>
    <Filter Include="Header Files\os">
      <UniqueIdentifier>{a3360963-fa68-445e-b659-92615321e7c4}</UniqueIdentifier>
    </Filter>
    <Filter Include="Header Files\memory\handle">
      <UniqueIdentifier>{c2dc4a9e-77fe-4652-909c-aca45c3be5db}</UniqueIdentifier>
    </Filter>
    <Filter Include="Header Files\os\windows">
      <UniqueIdentifier>{17dadc17-6fae-431d-9dc8-9512f27ecf09}</UniqueIdentifier>
    </Filter>
    <Filter Include="Source Files\os">
      <UniqueIdentifier>{c8ec018d-e8f1-461d-ae1f-a1ec3bd423d7}</UniqueIdentifier>
    </Filter>
    <Filter Include="Header Files\json">
      <UniqueIdentifier>{1058c100-7a57-4437-85d0-ccd9860c6751}</UniqueIdentifier>
    </Filter>
    <Filter Include="Header Files\time">
      <UniqueIdentifier>{e164f296-9b9f-4b54-9371-f09f524f7027}</UniqueIdentifier>
    </Filter>
    <Filter Include="Source Files\log">
      <UniqueIdentifier>{d5f7e2bb-f51f-4207-aaae-d5d8cac6df27}</UniqueIdentifier>
    </Filter>
    <Filter Include="Source Files\exception">
      <UniqueIdentifier>{3919bff5-23db-4bf0-b811-11a24eefd220}</UniqueIdentifier>
    </Filter>
  </ItemGroup>
  <ItemGroup>
    <ClInclude Include="src\datatypes\pointer_types.h">
      <Filter>Header Files\datatypes</Filter>
    </ClInclude>
    <ClInclude Include="src\datatypes\vector_types.h">
      <Filter>Header Files\datatypes</Filter>
    </ClInclude>
    <ClInclude Include="src\datatypes\container_types.h">
      <Filter>Header Files\datatypes</Filter>
    </ClInclude>
    <ClInclude Include="src\io\io.h">
      <Filter>Header Files\io</Filter>
    </ClInclude>
    <ClInclude Include="src\string\string.h">
      <Filter>Header Files\string</Filter>
    </ClInclude>
    <ClInclude Include="src\sysmon\system_monitor.h">
      <Filter>Header Files\sysmon</Filter>
    </ClInclude>
    <ClInclude Include="src\datatypes\scalar_types.h">
      <Filter>Header Files\datatypes</Filter>
    </ClInclude>
    <ClInclude Include="src\memory\handle\handle.h">
      <Filter>Header Files\memory\handle</Filter>
    </ClInclude>
    <ClInclude Include="src\memory\managed_resource_map.h">
      <Filter>Header Files\memory</Filter>
    </ClInclude>
    <ClInclude Include="src\directx\directxtk.h">
      <Filter>Header Files\directx</Filter>
    </ClInclude>
    <ClInclude Include="src\os\windows\win_utils.h">
      <Filter>Header Files\os\windows</Filter>
    </ClInclude>
    <ClInclude Include="src\os\windows\windows.h">
      <Filter>Header Files\os\windows</Filter>
    </ClInclude>
    <ClInclude Include="src\time\time.h">
      <Filter>Header Files\time</Filter>
    </ClInclude>
    <ClInclude Include="src\time\stopwatch.h">
      <Filter>Header Files\time</Filter>
    </ClInclude>
    <ClInclude Include="src\memory\sparse_set.h">
      <Filter>Header Files\memory</Filter>
    </ClInclude>
    <ClInclude Include="src\memory\resource_pool.h">
      <Filter>Header Files\memory</Filter>
    </ClInclude>
    <ClInclude Include="src\memory\handle\handle_table.h">
      <Filter>Header Files\memory\handle</Filter>
    </ClInclude>
    <ClInclude Include="src\memory\handle\handle_map.h">
      <Filter>Header Files\memory\handle</Filter>
    </ClInclude>
    <ClInclude Include="src\datatypes\types.h">
      <Filter>Header Files\datatypes</Filter>
    </ClInclude>
    <ClInclude Include="src\json\nlohmann_json.h">
      <Filter>Header Files\json</Filter>
    </ClInclude>
  </ItemGroup>
  <ItemGroup>
    <None Include="src\time\stopwatch.tpp">
      <Filter>Header Files\time</Filter>
    </None>
    <None Include="src\memory\handle\handle_table.tpp">
      <Filter>Header Files\memory\handle</Filter>
    </None>
    <None Include="packages.config" />
  </ItemGroup>
  <ItemGroup>
    <ClCompile Include="src\os\windows\window.ixx">
      <Filter>Header Files\os\windows</Filter>
    </ClCompile>
    <ClCompile Include="src\exception\exception.ixx">
      <Filter>Source Files\exception</Filter>
    </ClCompile>
    <ClCompile Include="src\log\log.ixx">
      <Filter>Source Files\log</Filter>
    </ClCompile>
  </ItemGroup>
</Project>