<?xml version="1.0" encoding="utf-8"?>
<Project ToolsVersion="4.0" xmlns="http://schemas.microsoft.com/developer/msbuild/2003">
  <ItemGroup>
    <Filter Include="Source Files">
      <UniqueIdentifier>{4FC737F1-C7A5-4376-A066-2A32D752A2FF}</UniqueIdentifier>
      <Extensions>cpp;c;cc;cxx;def;odl;idl;hpj;bat;asm;asmx</Extensions>
    </Filter>
    <Filter Include="Header Files">
      <UniqueIdentifier>{93995380-89BD-4b04-88EB-625FBE52EBFB}</UniqueIdentifier>
      <Extensions>h;hh;hpp;hxx;hm;inl;inc;ipp;xsd</Extensions>
    </Filter>
    <Filter Include="Header Files\datatypes">
      <UniqueIdentifier>{d340d6c5-76f7-49dc-bd21-55919b24d377}</UniqueIdentifier>
    </Filter>
    <Filter Include="Header Files\fps">
      <UniqueIdentifier>{8e5f21e0-9bd4-4140-ab83-9b54b20596f2}</UniqueIdentifier>
    </Filter>
    <Filter Include="Header Files\io">
      <UniqueIdentifier>{105bc6f5-b4c3-443f-832c-61ac3bffdce6}</UniqueIdentifier>
    </Filter>
    <Filter Include="Header Files\log">
      <UniqueIdentifier>{b8bd2798-5017-4b75-9ce0-a3c163679911}</UniqueIdentifier>
    </Filter>
    <Filter Include="Header Files\math">
      <UniqueIdentifier>{3a290d76-0189-4002-bb46-b3d999378eff}</UniqueIdentifier>
    </Filter>
    <Filter Include="Header Files\memory">
      <UniqueIdentifier>{7d57ef6a-e1c5-4cea-8cfd-8235357412a6}</UniqueIdentifier>
    </Filter>
    <Filter Include="Header Files\string">
      <UniqueIdentifier>{9c468324-5baa-4fca-9fc9-50a57047d98e}</UniqueIdentifier>
    </Filter>
    <Filter Include="Header Files\sysmon">
      <UniqueIdentifier>{f8f725bd-68ce-4b5f-baef-81d64406c2c2}</UniqueIdentifier>
    </Filter>
    <Filter Include="Header Files\timer">
      <UniqueIdentifier>{00658588-272d-4982-9711-030afd966cc9}</UniqueIdentifier>
    </Filter>
    <Filter Include="Source Files\sysmon">
      <UniqueIdentifier>{c130fc05-7574-4a91-ae46-09bd2c81c7c7}</UniqueIdentifier>
    </Filter>
    <Filter Include="Header Files\directx">
      <UniqueIdentifier>{286f5b4c-c30d-499e-bb63-27dcb519d439}</UniqueIdentifier>
    </Filter>
    <Filter Include="Source Files\directx">
      <UniqueIdentifier>{796511a8-d4f3-4dc7-ad14-c0dc88296147}</UniqueIdentifier>
    </Filter>
    <Filter Include="Header Files\os">
      <UniqueIdentifier>{a3360963-fa68-445e-b659-92615321e7c4}</UniqueIdentifier>
    </Filter>
    <Filter Include="Header Files\memory\handle">
      <UniqueIdentifier>{c2dc4a9e-77fe-4652-909c-aca45c3be5db}</UniqueIdentifier>
    </Filter>
    <Filter Include="Header Files\exception">
      <UniqueIdentifier>{9b13a388-1e01-4a76-b0d2-90b6d1d89485}</UniqueIdentifier>
    </Filter>
    <Filter Include="Header Files\log\spdlog">
      <UniqueIdentifier>{9fffa3a1-1d1b-4d41-a90c-6cdc6774f5b7}</UniqueIdentifier>
    </Filter>
    <Filter Include="Header Files\os\windows">
      <UniqueIdentifier>{17dadc17-6fae-431d-9dc8-9512f27ecf09}</UniqueIdentifier>
    </Filter>
    <Filter Include="Source Files\os">
      <UniqueIdentifier>{c8ec018d-e8f1-461d-ae1f-a1ec3bd423d7}</UniqueIdentifier>
    </Filter>
    <Filter Include="Source Files\os\windows">
      <UniqueIdentifier>{7bf52c0a-f820-4c43-ae22-e5cccf02d1c5}</UniqueIdentifier>
    </Filter>
    <Filter Include="Header Files\resource">
      <UniqueIdentifier>{11ce7afa-159f-4431-95b4-84bcb00446bf}</UniqueIdentifier>
    </Filter>
    <Filter Include="Header Files\log\spdlog\fmt">
      <UniqueIdentifier>{1edad9a4-fe89-4c08-bea4-71cd4ef5477d}</UniqueIdentifier>
    </Filter>
    <Filter Include="Header Files\log\spdlog\details">
      <UniqueIdentifier>{1f29242a-2dba-4675-a2ff-fd1c2f3460ab}</UniqueIdentifier>
    </Filter>
    <Filter Include="Header Files\log\spdlog\sinks">
      <UniqueIdentifier>{406b9c7e-59a2-452f-a576-5500237bac2b}</UniqueIdentifier>
    </Filter>
    <Filter Include="Header Files\log\spdlog\fmt\bundled">
      <UniqueIdentifier>{467f8eb8-311d-4a6e-aae8-67fbd92a56f5}</UniqueIdentifier>
    </Filter>
  </ItemGroup>
  <ItemGroup>
    <ClInclude Include="src\datatypes\pointer_types.h">
      <Filter>Header Files\datatypes</Filter>
    </ClInclude>
    <ClInclude Include="src\datatypes\vector_types.h">
      <Filter>Header Files\datatypes</Filter>
    </ClInclude>
    <ClInclude Include="src\datatypes\container_types.h">
      <Filter>Header Files\datatypes</Filter>
    </ClInclude>
    <ClInclude Include="src\datatypes\datatypes.h">
      <Filter>Header Files\datatypes</Filter>
    </ClInclude>
    <ClInclude Include="src\fps\fps.h">
      <Filter>Header Files\fps</Filter>
    </ClInclude>
    <ClInclude Include="src\io\io.h">
      <Filter>Header Files\io</Filter>
    </ClInclude>
    <ClInclude Include="src\log\log.h">
      <Filter>Header Files\log</Filter>
    </ClInclude>
    <ClInclude Include="src\memory\resource_pool.h">
      <Filter>Header Files\memory</Filter>
    </ClInclude>
    <ClInclude Include="src\string\string.h">
      <Filter>Header Files\string</Filter>
    </ClInclude>
    <ClInclude Include="src\sysmon\system_monitor.h">
      <Filter>Header Files\sysmon</Filter>
    </ClInclude>
    <ClInclude Include="src\directx\vertex_types.h">
      <Filter>Header Files\directx</Filter>
    </ClInclude>
    <ClInclude Include="src\datatypes\scalar_types.h">
      <Filter>Header Files\datatypes</Filter>
    </ClInclude>
    <ClInclude Include="src\memory\handle\handle.h">
      <Filter>Header Files\memory\handle</Filter>
    </ClInclude>
    <ClInclude Include="src\directx\d3d11.h">
      <Filter>Header Files\directx</Filter>
    </ClInclude>
    <ClInclude Include="src\math\math.h">
      <Filter>Header Files\math</Filter>
    </ClInclude>
    <ClInclude Include="src\timer\timer.h">
      <Filter>Header Files\timer</Filter>
    </ClInclude>
    <ClInclude Include="src\directx\directx_math_extensions.h">
      <Filter>Header Files\directx</Filter>
    </ClInclude>
    <ClInclude Include="src\directx\directx_math_wrapper.h">
      <Filter>Header Files\directx</Filter>
    </ClInclude>
    <ClInclude Include="src\directx\directx_math.h">
      <Filter>Header Files\directx</Filter>
    </ClInclude>
    <ClInclude Include="src\memory\managed_resource_map.h">
      <Filter>Header Files\memory</Filter>
    </ClInclude>
    <ClInclude Include="src\directx\directxtk.h">
      <Filter>Header Files\directx</Filter>
    </ClInclude>
    <ClInclude Include="src\exception\exception.h">
      <Filter>Header Files\exception</Filter>
    </ClInclude>
    <ClInclude Include="src\directx\pipeline.h">
      <Filter>Header Files\directx</Filter>
    </ClInclude>
    <ClInclude Include="src\os\windows\win_utils.h">
      <Filter>Header Files\os\windows</Filter>
    </ClInclude>
    <ClInclude Include="src\os\windows\windows.h">
      <Filter>Header Files\os\windows</Filter>
    </ClInclude>
    <ClInclude Include="src\os\windows\window.h">
      <Filter>Header Files\os\windows</Filter>
    </ClInclude>
    <ClInclude Include="src\resource\var_map.h">
      <Filter>Header Files\resource</Filter>
    </ClInclude>
    <ClInclude Include="src\io\line_reader.h">
      <Filter>Header Files\io</Filter>
    </ClInclude>
    <ClInclude Include="src\io\file_writer.h">
      <Filter>Header Files\io</Filter>
    </ClInclude>
    <ClInclude Include="src\log\spdlog\tweakme.h">
      <Filter>Header Files\log\spdlog</Filter>
    </ClInclude>
    <ClInclude Include="src\log\spdlog\logger.h">
      <Filter>Header Files\log\spdlog</Filter>
    </ClInclude>
    <ClInclude Include="src\log\spdlog\spdlog.h">
      <Filter>Header Files\log\spdlog</Filter>
    </ClInclude>
    <ClInclude Include="src\log\spdlog\version.h">
      <Filter>Header Files\log\spdlog</Filter>
    </ClInclude>
    <ClInclude Include="src\log\spdlog\async.h">
      <Filter>Header Files\log\spdlog</Filter>
    </ClInclude>
    <ClInclude Include="src\log\spdlog\async_logger.h">
      <Filter>Header Files\log\spdlog</Filter>
    </ClInclude>
    <ClInclude Include="src\log\spdlog\common.h">
      <Filter>Header Files\log\spdlog</Filter>
    </ClInclude>
    <ClInclude Include="src\log\spdlog\formatter.h">
      <Filter>Header Files\log\spdlog</Filter>
    </ClInclude>
    <ClInclude Include="src\log\spdlog\sinks\android_sink.h">
      <Filter>Header Files\log\spdlog\sinks</Filter>
    </ClInclude>
    <ClInclude Include="src\log\spdlog\sinks\ansicolor_sink.h">
      <Filter>Header Files\log\spdlog\sinks</Filter>
    </ClInclude>
    <ClInclude Include="src\log\spdlog\sinks\base_sink.h">
      <Filter>Header Files\log\spdlog\sinks</Filter>
    </ClInclude>
    <ClInclude Include="src\log\spdlog\sinks\basic_file_sink.h">
      <Filter>Header Files\log\spdlog\sinks</Filter>
    </ClInclude>
    <ClInclude Include="src\log\spdlog\sinks\daily_file_sink.h">
      <Filter>Header Files\log\spdlog\sinks</Filter>
    </ClInclude>
    <ClInclude Include="src\log\spdlog\sinks\dist_sink.h">
      <Filter>Header Files\log\spdlog\sinks</Filter>
    </ClInclude>
    <ClInclude Include="src\log\spdlog\sinks\msvc_sink.h">
      <Filter>Header Files\log\spdlog\sinks</Filter>
    </ClInclude>
    <ClInclude Include="src\log\spdlog\sinks\null_sink.h">
      <Filter>Header Files\log\spdlog\sinks</Filter>
    </ClInclude>
    <ClInclude Include="src\log\spdlog\sinks\ostream_sink.h">
      <Filter>Header Files\log\spdlog\sinks</Filter>
    </ClInclude>
    <ClInclude Include="src\log\spdlog\sinks\rotating_file_sink.h">
      <Filter>Header Files\log\spdlog\sinks</Filter>
    </ClInclude>
    <ClInclude Include="src\log\spdlog\sinks\sink.h">
      <Filter>Header Files\log\spdlog\sinks</Filter>
    </ClInclude>
    <ClInclude Include="src\log\spdlog\sinks\stdout_color_sinks.h">
      <Filter>Header Files\log\spdlog\sinks</Filter>
    </ClInclude>
    <ClInclude Include="src\log\spdlog\sinks\stdout_sinks.h">
      <Filter>Header Files\log\spdlog\sinks</Filter>
    </ClInclude>
    <ClInclude Include="src\log\spdlog\sinks\syslog_sink.h">
      <Filter>Header Files\log\spdlog\sinks</Filter>
    </ClInclude>
    <ClInclude Include="src\log\spdlog\sinks\wincolor_sink.h">
      <Filter>Header Files\log\spdlog\sinks</Filter>
    </ClInclude>
    <ClInclude Include="src\log\spdlog\fmt\bin_to_hex.h">
      <Filter>Header Files\log\spdlog\fmt</Filter>
    </ClInclude>
    <ClInclude Include="src\log\spdlog\fmt\fmt.h">
      <Filter>Header Files\log\spdlog\fmt</Filter>
    </ClInclude>
    <ClInclude Include="src\log\spdlog\fmt\ostr.h">
      <Filter>Header Files\log\spdlog\fmt</Filter>
    </ClInclude>
    <ClInclude Include="src\log\spdlog\fmt\bundled\format.h">
      <Filter>Header Files\log\spdlog\fmt\bundled</Filter>
    </ClInclude>
    <ClInclude Include="src\log\spdlog\fmt\bundled\format-inl.h">
      <Filter>Header Files\log\spdlog\fmt\bundled</Filter>
    </ClInclude>
    <ClInclude Include="src\log\spdlog\fmt\bundled\ostream.h">
      <Filter>Header Files\log\spdlog\fmt\bundled</Filter>
    </ClInclude>
    <ClInclude Include="src\log\spdlog\fmt\bundled\posix.h">
      <Filter>Header Files\log\spdlog\fmt\bundled</Filter>
    </ClInclude>
    <ClInclude Include="src\log\spdlog\fmt\bundled\printf.h">
      <Filter>Header Files\log\spdlog\fmt\bundled</Filter>
    </ClInclude>
    <ClInclude Include="src\log\spdlog\fmt\bundled\ranges.h">
      <Filter>Header Files\log\spdlog\fmt\bundled</Filter>
    </ClInclude>
    <ClInclude Include="src\log\spdlog\fmt\bundled\time.h">
      <Filter>Header Files\log\spdlog\fmt\bundled</Filter>
    </ClInclude>
    <ClInclude Include="src\log\spdlog\fmt\bundled\colors.h">
      <Filter>Header Files\log\spdlog\fmt\bundled</Filter>
    </ClInclude>
    <ClInclude Include="src\log\spdlog\fmt\bundled\core.h">
      <Filter>Header Files\log\spdlog\fmt\bundled</Filter>
    </ClInclude>
    <ClInclude Include="src\log\spdlog\details\async_logger_impl.h">
      <Filter>Header Files\log\spdlog\details</Filter>
    </ClInclude>
    <ClInclude Include="src\log\spdlog\details\circular_q.h">
      <Filter>Header Files\log\spdlog\details</Filter>
    </ClInclude>
    <ClInclude Include="src\log\spdlog\details\console_globals.h">
      <Filter>Header Files\log\spdlog\details</Filter>
    </ClInclude>
    <ClInclude Include="src\log\spdlog\details\file_helper.h">
      <Filter>Header Files\log\spdlog\details</Filter>
    </ClInclude>
    <ClInclude Include="src\log\spdlog\details\fmt_helper.h">
      <Filter>Header Files\log\spdlog\details</Filter>
    </ClInclude>
    <ClInclude Include="src\log\spdlog\details\log_msg.h">
      <Filter>Header Files\log\spdlog\details</Filter>
    </ClInclude>
    <ClInclude Include="src\log\spdlog\details\logger_impl.h">
      <Filter>Header Files\log\spdlog\details</Filter>
    </ClInclude>
    <ClInclude Include="src\log\spdlog\details\mpmc_blocking_q.h">
      <Filter>Header Files\log\spdlog\details</Filter>
    </ClInclude>
    <ClInclude Include="src\log\spdlog\details\null_mutex.h">
      <Filter>Header Files\log\spdlog\details</Filter>
    </ClInclude>
    <ClInclude Include="src\log\spdlog\details\os.h">
      <Filter>Header Files\log\spdlog\details</Filter>
    </ClInclude>
    <ClInclude Include="src\log\spdlog\details\pattern_formatter.h">
      <Filter>Header Files\log\spdlog\details</Filter>
    </ClInclude>
    <ClInclude Include="src\log\spdlog\details\periodic_worker.h">
      <Filter>Header Files\log\spdlog\details</Filter>
    </ClInclude>
    <ClInclude Include="src\log\spdlog\details\registry.h">
      <Filter>Header Files\log\spdlog\details</Filter>
    </ClInclude>
    <ClInclude Include="src\log\spdlog\details\thread_pool.h">
      <Filter>Header Files\log\spdlog\details</Filter>
    </ClInclude>
    <ClInclude Include="src\memory\handle\handle_map.h">
      <Filter>Header Files\memory\handle</Filter>
    </ClInclude>
  </ItemGroup>
  <ItemGroup>
    <ClCompile Include="src\sysmon\system_monitor.cpp">
      <Filter>Source Files\sysmon</Filter>
    </ClCompile>
    <ClCompile Include="src\directx\vertex_types.cpp">
      <Filter>Source Files\directx</Filter>
    </ClCompile>
    <ClCompile Include="src\os\windows\window.cpp">
      <Filter>Source Files\os\windows</Filter>
    </ClCompile>
  </ItemGroup>
  <ItemGroup>
    <None Include="src\resource\var_map.tpp">
      <Filter>Header Files\resource</Filter>
    </None>
    <None Include="src\io\line_reader.tpp">
      <Filter>Header Files\io</Filter>
    </None>
    <None Include="src\memory\managed_resource_map.tpp">
      <Filter>Header Files\memory</Filter>
    </None>
    <None Include="src\timer\timer.tpp">
      <Filter>Header Files\timer</Filter>
    </None>
    <None Include="packages.config" />
    <None Include="src\memory\handle\handle_map.tpp">
      <Filter>Header Files\memory\handle</Filter>
    </None>
  </ItemGroup>
</Project>