<?xml version="1.0" encoding="utf-8"?>
<Project ToolsVersion="4.0" xmlns="http://schemas.microsoft.com/developer/msbuild/2003">
  <ItemGroup>
    <Filter Include="Source Files">
      <UniqueIdentifier>{4FC737F1-C7A5-4376-A066-2A32D752A2FF}</UniqueIdentifier>
      <Extensions>cpp;c;cc;cxx;def;odl;idl;hpj;bat;asm;asmx</Extensions>
    </Filter>
    <Filter Include="Header Files">
      <UniqueIdentifier>{93995380-89BD-4b04-88EB-625FBE52EBFB}</UniqueIdentifier>
      <Extensions>h;hh;hpp;hxx;hm;inl;inc;ipp;xsd</Extensions>
    </Filter>
    <Filter Include="Header Files\misc">
      <UniqueIdentifier>{e3e3470a-2e10-41f5-9411-6e76ae27eff3}</UniqueIdentifier>
    </Filter>
    <Filter Include="Source Files\misc">
      <UniqueIdentifier>{c627ea4c-1471-4a17-819b-35c33ab612a9}</UniqueIdentifier>
    </Filter>
    <Filter Include="Source Files\misc\stl">
      <UniqueIdentifier>{d7a05d03-8078-4893-9c48-c7ce962ef702}</UniqueIdentifier>
    </Filter>
    <Filter Include="Header Files\misc\stl">
      <UniqueIdentifier>{02bdb29e-ed2a-4cc3-b70f-167acbc9e2b8}</UniqueIdentifier>
    </Filter>
    <Filter Include="Header Files\imgui_forwarder">
      <UniqueIdentifier>{cb3c7a2d-32e2-4678-991c-4ddb70d78b22}</UniqueIdentifier>
    </Filter>
    <Filter Include="Source Files\imgui_forwarder">
      <UniqueIdentifier>{5a77c27d-9c75-4471-91ba-794f4c8f5809}</UniqueIdentifier>
    </Filter>
  </ItemGroup>
  <ItemGroup>
    <ClInclude Include="src\imgui_impl_dx11.h">
      <Filter>Header Files</Filter>
    </ClInclude>
    <ClInclude Include="src\imgui_internal.h">
      <Filter>Header Files</Filter>
    </ClInclude>
    <ClInclude Include="src\imconfig.h">
      <Filter>Header Files</Filter>
    </ClInclude>
    <ClInclude Include="src\imgui.h">
      <Filter>Header Files</Filter>
    </ClInclude>
    <ClInclude Include="src\imgui_impl_win32.h">
      <Filter>Header Files</Filter>
    </ClInclude>
    <ClInclude Include="src\misc\stl\imgui_stl.h">
      <Filter>Header Files\misc\stl</Filter>
    </ClInclude>
    <ClInclude Include="src\imstb_rectpack.h">
      <Filter>Header Files</Filter>
    </ClInclude>
    <ClInclude Include="src\imstb_textedit.h">
      <Filter>Header Files</Filter>
    </ClInclude>
    <ClInclude Include="src\imstb_truetype.h">
      <Filter>Header Files</Filter>
    </ClInclude>
    <ClInclude Include="src\imgui_forwarder\imgui_message_forwarder.h">
      <Filter>Header Files\imgui_forwarder</Filter>
    </ClInclude>
  </ItemGroup>
  <ItemGroup>
    <ClCompile Include="src\imgui_draw.cpp">
      <Filter>Source Files</Filter>
    </ClCompile>
    <ClCompile Include="src\imgui_impl_dx11.cpp">
      <Filter>Source Files</Filter>
    </ClCompile>
    <ClCompile Include="src\imgui.cpp">
      <Filter>Source Files</Filter>
    </ClCompile>
    <ClCompile Include="src\imgui_demo.cpp">
      <Filter>Source Files</Filter>
    </ClCompile>
    <ClCompile Include="src\imgui_impl_win32.cpp">
      <Filter>Source Files</Filter>
    </ClCompile>
    <ClCompile Include="src\misc\stl\imgui_stl.cpp">
      <Filter>Source Files\misc\stl</Filter>
    </ClCompile>
    <ClCompile Include="src\imgui_widgets.cpp">
      <Filter>Source Files</Filter>
    </ClCompile>
    <ClCompile Include="src\imgui_forwarder\imgui_message_forwarder.cpp">
      <Filter>Source Files\imgui_forwarder</Filter>
    </ClCompile>
  </ItemGroup>
</Project>