<?xml version="1.0" encoding="utf-8"?>
<Project ToolsVersion="4.0" xmlns="http://schemas.microsoft.com/developer/msbuild/2003">
  <ItemGroup>
    <Filter Include="Source Files">
      <UniqueIdentifier>{4FC737F1-C7A5-4376-A066-2A32D752A2FF}</UniqueIdentifier>
      <Extensions>cpp;c;cc;cxx;def;odl;idl;hpj;bat;asm;asmx</Extensions>
    </Filter>
    <Filter Include="Header Files">
      <UniqueIdentifier>{93995380-89BD-4b04-88EB-625FBE52EBFB}</UniqueIdentifier>
      <Extensions>h;hh;hpp;hxx;hm;inl;inc;ipp;xsd</Extensions>
    </Filter>
    <Filter Include="Header Files\misc">
      <UniqueIdentifier>{e3e3470a-2e10-41f5-9411-6e76ae27eff3}</UniqueIdentifier>
    </Filter>
    <Filter Include="Source Files\misc">
      <UniqueIdentifier>{c627ea4c-1471-4a17-819b-35c33ab612a9}</UniqueIdentifier>
    </Filter>
    <Filter Include="Header Files\imgui_forwarder">
      <UniqueIdentifier>{cb3c7a2d-32e2-4678-991c-4ddb70d78b22}</UniqueIdentifier>
    </Filter>
    <Filter Include="Source Files\imgui_forwarder">
      <UniqueIdentifier>{5a77c27d-9c75-4471-91ba-794f4c8f5809}</UniqueIdentifier>
    </Filter>
    <Filter Include="Header Files\imgui_addons">
      <UniqueIdentifier>{8b1caa52-2a54-4ba8-b65c-7705f1acb566}</UniqueIdentifier>
    </Filter>
    <Filter Include="Source Files\imgui_addons">
      <UniqueIdentifier>{ede9916f-6861-40d1-9b1a-c70c41badcea}</UniqueIdentifier>
    </Filter>
    <Filter Include="Header Files\imgui_addons\metrics_gui">
      <UniqueIdentifier>{e823d83d-4f95-49fb-bab8-18b241b7db04}</UniqueIdentifier>
    </Filter>
    <Filter Include="Header Files\imgui_addons\ImGuizmo">
      <UniqueIdentifier>{a8075d1a-b356-4d4c-b1d9-8147cf333b45}</UniqueIdentifier>
    </Filter>
    <Filter Include="Source Files\imgui_addons\ImGuizmo">
      <UniqueIdentifier>{e87ee886-35ed-4540-989f-dcfc6f1a7de9}</UniqueIdentifier>
    </Filter>
    <Filter Include="Source Files\imgui_addons\metrics_gui">
      <UniqueIdentifier>{7f366f93-7277-4e17-a6b0-654a5d30ad9c}</UniqueIdentifier>
    </Filter>
    <Filter Include="Header Files\imgui_addons\metrics_gui\portable">
      <UniqueIdentifier>{a8e2a5f4-c4ff-48b4-96bc-26c2d24bb483}</UniqueIdentifier>
    </Filter>
    <Filter Include="Header Files\imgui_addons\metrics_gui\metrics_gui">
      <UniqueIdentifier>{14666aba-7e7f-48e1-a29b-51dc5964063c}</UniqueIdentifier>
    </Filter>
    <Filter Include="Source Files\imgui_addons\metrics_gui\metrics_gui">
      <UniqueIdentifier>{2d9008d4-f6a9-4bac-b070-b08bdb1ce116}</UniqueIdentifier>
    </Filter>
    <Filter Include="Header Files\misc\cpp">
      <UniqueIdentifier>{02bdb29e-ed2a-4cc3-b70f-167acbc9e2b8}</UniqueIdentifier>
    </Filter>
    <Filter Include="Source Files\misc\cpp">
      <UniqueIdentifier>{d7a05d03-8078-4893-9c48-c7ce962ef702}</UniqueIdentifier>
    </Filter>
  </ItemGroup>
  <ItemGroup>
    <ClInclude Include="src\imgui_impl_dx11.h">
      <Filter>Header Files</Filter>
    </ClInclude>
    <ClInclude Include="src\imgui_internal.h">
      <Filter>Header Files</Filter>
    </ClInclude>
    <ClInclude Include="src\imconfig.h">
      <Filter>Header Files</Filter>
    </ClInclude>
    <ClInclude Include="src\imgui.h">
      <Filter>Header Files</Filter>
    </ClInclude>
    <ClInclude Include="src\imgui_impl_win32.h">
      <Filter>Header Files</Filter>
    </ClInclude>
    <ClInclude Include="src\imstb_rectpack.h">
      <Filter>Header Files</Filter>
    </ClInclude>
    <ClInclude Include="src\imstb_textedit.h">
      <Filter>Header Files</Filter>
    </ClInclude>
    <ClInclude Include="src\imstb_truetype.h">
      <Filter>Header Files</Filter>
    </ClInclude>
    <ClInclude Include="src\imgui_forwarder\imgui_message_forwarder.h">
      <Filter>Header Files\imgui_forwarder</Filter>
    </ClInclude>
    <ClInclude Include="src\imgui_addons\ImGuizmo\ImGuizmo.h">
      <Filter>Header Files\imgui_addons\ImGuizmo</Filter>
    </ClInclude>
    <ClInclude Include="src\imgui_addons\metrics_gui\portable\perf_timer.h">
      <Filter>Header Files\imgui_addons\metrics_gui\portable</Filter>
    </ClInclude>
    <ClInclude Include="src\imgui_addons\metrics_gui\portable\snprintf.h">
      <Filter>Header Files\imgui_addons\metrics_gui\portable</Filter>
    </ClInclude>
    <ClInclude Include="src\imgui_addons\metrics_gui\portable\countof.h">
      <Filter>Header Files\imgui_addons\metrics_gui\portable</Filter>
    </ClInclude>
    <ClInclude Include="src\imgui_addons\metrics_gui\metrics_gui\metrics_gui.h">
      <Filter>Header Files\imgui_addons\metrics_gui\metrics_gui</Filter>
    </ClInclude>
    <ClInclude Include="src\misc\cpp\imgui_stdlib.h">
      <Filter>Header Files\misc\cpp</Filter>
    </ClInclude>
  </ItemGroup>
  <ItemGroup>
    <ClCompile Include="src\imgui_draw.cpp">
      <Filter>Source Files</Filter>
    </ClCompile>
    <ClCompile Include="src\imgui_impl_dx11.cpp">
      <Filter>Source Files</Filter>
    </ClCompile>
    <ClCompile Include="src\imgui.cpp">
      <Filter>Source Files</Filter>
    </ClCompile>
    <ClCompile Include="src\imgui_demo.cpp">
      <Filter>Source Files</Filter>
    </ClCompile>
    <ClCompile Include="src\imgui_impl_win32.cpp">
      <Filter>Source Files</Filter>
    </ClCompile>
    <ClCompile Include="src\imgui_widgets.cpp">
      <Filter>Source Files</Filter>
    </ClCompile>
    <ClCompile Include="src\imgui_forwarder\imgui_message_forwarder.cpp">
      <Filter>Source Files\imgui_forwarder</Filter>
    </ClCompile>
    <ClCompile Include="src\imgui_addons\ImGuizmo\ImGuizmo.cpp">
      <Filter>Source Files\imgui_addons\ImGuizmo</Filter>
    </ClCompile>
    <ClCompile Include="src\imgui_addons\metrics_gui\metrics_gui\metrics_gui.cpp">
      <Filter>Source Files\imgui_addons\metrics_gui\metrics_gui</Filter>
    </ClCompile>
    <ClCompile Include="src\imgui_addons\metrics_gui\metrics_gui\ProggyTiny.cpp">
      <Filter>Source Files\imgui_addons\metrics_gui\metrics_gui</Filter>
    </ClCompile>
    <ClCompile Include="src\misc\cpp\imgui_stdlib.cpp">
      <Filter>Source Files\misc\cpp</Filter>
    </ClCompile>
  </ItemGroup>
</Project>