<?xml version="1.0" encoding="utf-8"?>
<Project ToolsVersion="4.0" xmlns="http://schemas.microsoft.com/developer/msbuild/2003">
  <ItemGroup>
    <Filter Include="Source Files">
      <UniqueIdentifier>{4FC737F1-C7A5-4376-A066-2A32D752A2FF}</UniqueIdentifier>
      <Extensions>cpp;c;cc;cxx;def;odl;idl;hpj;bat;asm;asmx</Extensions>
    </Filter>
    <Filter Include="Header Files">
      <UniqueIdentifier>{93995380-89BD-4b04-88EB-625FBE52EBFB}</UniqueIdentifier>
      <Extensions>h;hh;hpp;hxx;hm;inl;inc;ipp;xsd</Extensions>
    </Filter>
    <Filter Include="Header Files\components">
      <UniqueIdentifier>{1314263b-2043-47a4-bdf8-cc196d46e808}</UniqueIdentifier>
    </Filter>
    <Filter Include="Source Files\components">
      <UniqueIdentifier>{f6c5fc8b-526c-464e-ac6a-3c75f37a6106}</UniqueIdentifier>
    </Filter>
    <Filter Include="Header Files\entities">
      <UniqueIdentifier>{1bf67ee2-3af5-4216-815e-7b6d42fad31f}</UniqueIdentifier>
    </Filter>
    <Filter Include="Header Files\systems">
      <UniqueIdentifier>{0ba1b473-1d18-4e26-ac9e-83759efa3d77}</UniqueIdentifier>
    </Filter>
    <Filter Include="Source Files\systems">
      <UniqueIdentifier>{ead6894d-f978-42e8-a7b6-e5c8201681c7}</UniqueIdentifier>
    </Filter>
    <Filter Include="Header Files\components\model">
      <UniqueIdentifier>{c3a38fdb-38ce-4e4e-baae-893e64e8e087}</UniqueIdentifier>
    </Filter>
    <Filter Include="Header Files\components\camera">
      <UniqueIdentifier>{840bddb9-8a5a-4aaa-aaec-f39f441c9099}</UniqueIdentifier>
    </Filter>
    <Filter Include="Header Files\components\light">
      <UniqueIdentifier>{a8744bc6-d337-4088-acfd-730d990670cc}</UniqueIdentifier>
    </Filter>
    <Filter Include="Header Files\systems\camera">
      <UniqueIdentifier>{86be85a1-9b94-4c12-a523-9b18b673ba3c}</UniqueIdentifier>
    </Filter>
    <Filter Include="Header Files\systems\model">
      <UniqueIdentifier>{c7c35ea4-c8f7-4e45-89e0-86a83664e9bd}</UniqueIdentifier>
    </Filter>
    <Filter Include="Header Files\components\transform">
      <UniqueIdentifier>{30c1d015-2ee2-459d-b87b-7e88f54c488e}</UniqueIdentifier>
    </Filter>
    <Filter Include="Header Files\systems\transform">
      <UniqueIdentifier>{33ed6212-9481-46e2-ab6b-df968583da1d}</UniqueIdentifier>
    </Filter>
    <Filter Include="Header Files\entities\basic">
      <UniqueIdentifier>{3914d4d5-bd57-475b-9aca-922358e257d2}</UniqueIdentifier>
    </Filter>
    <Filter Include="Source Files\components\model">
      <UniqueIdentifier>{20e2440c-f4ee-49c7-a7e0-65eb906ec16e}</UniqueIdentifier>
    </Filter>
    <Filter Include="Source Files\components\camera">
      <UniqueIdentifier>{5e4680ab-9490-4057-b331-1abe09a6e280}</UniqueIdentifier>
    </Filter>
    <Filter Include="Source Files\systems\model">
      <UniqueIdentifier>{7ce3a652-5c05-4f49-ab48-184dedec8379}</UniqueIdentifier>
    </Filter>
    <Filter Include="Source Files\systems\camera">
      <UniqueIdentifier>{56c7cbfa-be6f-4990-97fd-fe93d84e29a2}</UniqueIdentifier>
    </Filter>
    <Filter Include="Source Files\systems\transform">
      <UniqueIdentifier>{12955cad-b065-4416-8643-c2bd334c9f3e}</UniqueIdentifier>
    </Filter>
    <Filter Include="Header Files\systems\motor">
      <UniqueIdentifier>{f5105d09-d2fd-4321-ac7a-dce7ec38cb75}</UniqueIdentifier>
    </Filter>
    <Filter Include="Source Files\systems\motor">
      <UniqueIdentifier>{de84a7a0-487d-46a2-b560-0410de6b5ce1}</UniqueIdentifier>
    </Filter>
    <Filter Include="Header Files\components\motor">
      <UniqueIdentifier>{3ad642d2-57a1-4912-ac84-798ef2163c29}</UniqueIdentifier>
    </Filter>
    <Filter Include="Source Files\systems\ui">
      <UniqueIdentifier>{d5dd726c-5e23-492a-b66c-3a697d241a44}</UniqueIdentifier>
    </Filter>
    <Filter Include="Header Files\systems\ui">
      <UniqueIdentifier>{b12f08b3-698c-4d71-9719-c36303bf1bba}</UniqueIdentifier>
    </Filter>
  </ItemGroup>
  <ItemGroup>
    <ClInclude Include="src\components\components.h">
      <Filter>Header Files\components</Filter>
    </ClInclude>
    <ClInclude Include="src\entities\entities.h">
      <Filter>Header Files\entities</Filter>
    </ClInclude>
    <ClInclude Include="src\systems\systems.h">
      <Filter>Header Files\systems</Filter>
    </ClInclude>
    <ClInclude Include="src\entities\basic\basic_directional_light.h">
      <Filter>Header Files\entities\basic</Filter>
    </ClInclude>
    <ClInclude Include="src\entities\basic\basic_model.h">
      <Filter>Header Files\entities\basic</Filter>
    </ClInclude>
    <ClInclude Include="src\entities\basic\basic_point_light.h">
      <Filter>Header Files\entities\basic</Filter>
    </ClInclude>
    <ClInclude Include="src\entities\basic\basic_spot_light.h">
      <Filter>Header Files\entities\basic</Filter>
    </ClInclude>
    <ClInclude Include="src\entities\basic\player_camera.h">
      <Filter>Header Files\entities\basic</Filter>
    </ClInclude>
    <ClInclude Include="src\entities\world_object.h">
      <Filter>Header Files\entities</Filter>
    </ClInclude>
    <ClInclude Include="src\components\camera\orthographic_camera.h">
      <Filter>Header Files\components\camera</Filter>
    </ClInclude>
    <ClInclude Include="src\components\camera\perspective_camera.h">
      <Filter>Header Files\components\camera</Filter>
    </ClInclude>
    <ClInclude Include="src\components\camera\camera_base.h">
      <Filter>Header Files\components\camera</Filter>
    </ClInclude>
    <ClInclude Include="src\components\light\directional_light.h">
      <Filter>Header Files\components\light</Filter>
    </ClInclude>
    <ClInclude Include="src\components\light\point_light.h">
      <Filter>Header Files\components\light</Filter>
    </ClInclude>
    <ClInclude Include="src\components\light\spot_light.h">
      <Filter>Header Files\components\light</Filter>
    </ClInclude>
    <ClInclude Include="src\components\model\model.h">
      <Filter>Header Files\components\model</Filter>
    </ClInclude>
    <ClInclude Include="src\components\transform\transform.h">
      <Filter>Header Files\components\transform</Filter>
    </ClInclude>
    <ClInclude Include="src\systems\camera\camera_system.h">
      <Filter>Header Files\systems\camera</Filter>
    </ClInclude>
    <ClInclude Include="src\systems\model\model_system.h">
      <Filter>Header Files\systems\model</Filter>
    </ClInclude>
    <ClInclude Include="src\systems\transform\transform_system.h">
      <Filter>Header Files\systems\transform</Filter>
    </ClInclude>
    <ClInclude Include="src\systems\motor\camera_motor_system.h">
      <Filter>Header Files\systems\motor</Filter>
    </ClInclude>
    <ClInclude Include="src\components\motor\camera_movement.h">
      <Filter>Header Files\components\motor</Filter>
    </ClInclude>
    <ClInclude Include="src\components\motor\mouse_rotation.h">
      <Filter>Header Files\components\motor</Filter>
    </ClInclude>
    <ClInclude Include="src\systems\motor\mouse_rotation_system.h">
      <Filter>Header Files\systems\motor</Filter>
    </ClInclude>
    <ClInclude Include="src\systems\motor\axis_rotation_system.h">
      <Filter>Header Files\systems\motor</Filter>
    </ClInclude>
    <ClInclude Include="src\components\motor\axis_rotation.h">
      <Filter>Header Files\components\motor</Filter>
    </ClInclude>
    <ClInclude Include="src\components\motor\axis_orbit.h">
      <Filter>Header Files\components\motor</Filter>
    </ClInclude>
    <ClInclude Include="src\systems\motor\axis_orbit_system.h">
      <Filter>Header Files\systems\motor</Filter>
    </ClInclude>
    <ClInclude Include="src\systems\ui\user_interface.h">
      <Filter>Header Files\systems\ui</Filter>
    </ClInclude>
  </ItemGroup>
  <ItemGroup>
    <ClCompile Include="src\systems\transform\transform_system.cpp">
      <Filter>Source Files\systems\transform</Filter>
    </ClCompile>
    <ClCompile Include="src\systems\model\model_system.cpp">
      <Filter>Source Files\systems\model</Filter>
    </ClCompile>
    <ClCompile Include="src\systems\camera\camera_system.cpp">
      <Filter>Source Files\systems\camera</Filter>
    </ClCompile>
    <ClCompile Include="src\components\camera\orthographic_camera.cpp">
      <Filter>Source Files\components\camera</Filter>
    </ClCompile>
    <ClCompile Include="src\components\camera\perspective_camera.cpp">
      <Filter>Source Files\components\camera</Filter>
    </ClCompile>
    <ClCompile Include="src\components\model\model.cpp">
      <Filter>Source Files\components\model</Filter>
    </ClCompile>
    <ClCompile Include="src\systems\motor\camera_motor_system.cpp">
      <Filter>Source Files\systems\motor</Filter>
    </ClCompile>
    <ClCompile Include="src\systems\motor\mouse_rotation_system.cpp">
      <Filter>Source Files\systems\motor</Filter>
    </ClCompile>
    <ClCompile Include="src\systems\motor\axis_rotation_system.cpp">
      <Filter>Source Files\systems\motor</Filter>
    </ClCompile>
    <ClCompile Include="src\systems\motor\axis_orbit_system.cpp">
      <Filter>Source Files\systems\motor</Filter>
    </ClCompile>
    <ClCompile Include="src\systems\ui\user_interface.cpp">
      <Filter>Source Files\systems\ui</Filter>
    </ClCompile>
  </ItemGroup>
  <ItemGroup>
    <None Include="packages.config" />
  </ItemGroup>
</Project>